
Microsoft Visual Studio Solution File, Format Version 12.00
# Visual Studio Version 17
VisualStudioVersion = 17.3.32929.385
MinimumVisualStudioVersion = 10.0.40219.1
Project("{FAE04EC0-301F-11D3-BF4B-00C04F79EFBC}") = "Discord", "Discord.csproj", "{1F0EE085-22E3-4B0C-A091-D86DC0455F2D}"
EndProject
Global
	GlobalSection(SolutionConfigurationPlatforms) = preSolution
		Debug|Any CPU = Debug|Any CPU
		Release|Any CPU = Release|Any CPU
	EndGlobalSection
	GlobalSection(ProjectConfigurationPlatforms) = postSolution
		{1F0EE085-22E3-4B0C-A091-D86DC0455F2D}.Debug|Any CPU.ActiveCfg = Debug|Any CPU
		{1F0EE085-22E3-4B0C-A091-D86DC0455F2D}.Debug|Any CPU.Build.0 = Debug|Any CPU
		{1F0EE085-22E3-4B0C-A091-D86DC0455F2D}.Release|Any CPU.ActiveCfg = Release|Any CPU
		{1F0EE085-22E3-4B0C-A091-D86DC0455F2D}.Release|Any CPU.Build.0 = Release|Any CPU
	EndGlobalSection
	GlobalSection(SolutionProperties) = preSolution
		HideSolutionNode = FALSE
	EndGlobalSection
	GlobalSection(ExtensibilityGlobals) = postSolution
		SolutionGuid = {DE4043E9-ABF9-445C-868F-931101510C9F}
	EndGlobalSection
EndGlobal
